
Microsoft Visual Studio Solution File, Format Version 12.00
Project("{FAE04EC0-301F-11D3-BF4B-00C04F79EFBC}") = "p7_C00231110-C00439696", "p7_C00231110-C00439696\p7_C00231110-C00439696.csproj", "{96A7A55A-CFBA-4C1D-9BF1-2CBA2276BA94}"
EndProject
Global
	GlobalSection(SolutionConfigurationPlatforms) = preSolution
		Debug|Any CPU = Debug|Any CPU
		Release|Any CPU = Release|Any CPU
	EndGlobalSection
	GlobalSection(ProjectConfigurationPlatforms) = postSolution
		{96A7A55A-CFBA-4C1D-9BF1-2CBA2276BA94}.Debug|Any CPU.ActiveCfg = Debug|Any CPU
		{96A7A55A-CFBA-4C1D-9BF1-2CBA2276BA94}.Debug|Any CPU.Build.0 = Debug|Any CPU
		{96A7A55A-CFBA-4C1D-9BF1-2CBA2276BA94}.Release|Any CPU.ActiveCfg = Release|Any CPU
		{96A7A55A-CFBA-4C1D-9BF1-2CBA2276BA94}.Release|Any CPU.Build.0 = Release|Any CPU
	EndGlobalSection
EndGlobal
